
Microsoft Visual Studio Solution File, Format Version 12.00
# Visual Studio Version 16
VisualStudioVersion = 16.0.31019.35
MinimumVisualStudioVersion = 10.0.40219.1
Project("{FAE04EC0-301F-11D3-BF4B-00C04F79EFBC}") = "RSVP", "RSVP\RSVP.csproj", "{27A986C7-86C8-4856-B31F-9EBE93C10F48}"
EndProject
Global
	GlobalSection(SolutionConfigurationPlatforms) = preSolution
		Debug|Any CPU = Debug|Any CPU
		Release|Any CPU = Release|Any CPU
	EndGlobalSection
	GlobalSection(ProjectConfigurationPlatforms) = postSolution
		{27A986C7-86C8-4856-B31F-9EBE93C10F48}.Debug|Any CPU.ActiveCfg = Debug|Any CPU
		{27A986C7-86C8-4856-B31F-9EBE93C10F48}.Debug|Any CPU.Build.0 = Debug|Any CPU
		{27A986C7-86C8-4856-B31F-9EBE93C10F48}.Release|Any CPU.ActiveCfg = Release|Any CPU
		{27A986C7-86C8-4856-B31F-9EBE93C10F48}.Release|Any CPU.Build.0 = Release|Any CPU
	EndGlobalSection
	GlobalSection(SolutionProperties) = preSolution
		HideSolutionNode = FALSE
	EndGlobalSection
	GlobalSection(ExtensibilityGlobals) = postSolution
		SolutionGuid = {A726563D-649E-4324-A040-3E5A3299FFE7}
	EndGlobalSection
EndGlobal
